
Microsoft Visual Studio Solution File, Format Version 12.00
# Visual Studio Version 17
VisualStudioVersion = 17.11.35327.3
MinimumVisualStudioVersion = 10.0.40219.1
Project("{FAE04EC0-301F-11D3-BF4B-00C04F79EFBC}") = "Assignment_1_3_1", "Assignment_1_3_1.csproj", "{E92496D6-16E8-4302-8CAB-E07545CD5B54}"
EndProject
Global
	GlobalSection(SolutionConfigurationPlatforms) = preSolution
		Debug|Any CPU = Debug|Any CPU
		Release|Any CPU = Release|Any CPU
	EndGlobalSection
	GlobalSection(ProjectConfigurationPlatforms) = postSolution
		{E92496D6-16E8-4302-8CAB-E07545CD5B54}.Debug|Any CPU.ActiveCfg = Debug|Any CPU
		{E92496D6-16E8-4302-8CAB-E07545CD5B54}.Debug|Any CPU.Build.0 = Debug|Any CPU
		{E92496D6-16E8-4302-8CAB-E07545CD5B54}.Release|Any CPU.ActiveCfg = Release|Any CPU
		{E92496D6-16E8-4302-8CAB-E07545CD5B54}.Release|Any CPU.Build.0 = Release|Any CPU
	EndGlobalSection
	GlobalSection(SolutionProperties) = preSolution
		HideSolutionNode = FALSE
	EndGlobalSection
	GlobalSection(ExtensibilityGlobals) = postSolution
		SolutionGuid = {3722F75D-CC2D-4E42-B355-998BF277AAF3}
	EndGlobalSection
EndGlobal
